// !$*UTF8*$!
{
	archiveVersion = 1;
	classes = {
	};
	objectVersion = 48;
	objects = {

/* Begin PBXBuildFile section */
		41074231202F983D007A4B25 /* Defines.swift in Sources */ = {isa = PBXBuildFile; fileRef = 41074230202F983D007A4B25 /* Defines.swift */; };
		41074234202F9857007A4B25 /* RequestManageable.swift in Sources */ = {isa = PBXBuildFile; fileRef = 41074233202F9857007A4B25 /* RequestManageable.swift */; };
		41074237202F986A007A4B25 /* RequestManager.swift in Sources */ = {isa = PBXBuildFile; fileRef = 41074236202F986A007A4B25 /* RequestManager.swift */; };
		41A76F7F202E258B00F093D4 /* AppDelegate.swift in Sources */ = {isa = PBXBuildFile; fileRef = 41A76F7E202E258B00F093D4 /* AppDelegate.swift */; };
		41A76F81202E258B00F093D4 /* ViewController.swift in Sources */ = {isa = PBXBuildFile; fileRef = 41A76F80202E258B00F093D4 /* ViewController.swift */; };
		41A76F84202E258B00F093D4 /* Main.storyboard in Resources */ = {isa = PBXBuildFile; fileRef = 41A76F82202E258B00F093D4 /* Main.storyboard */; };
		41A76F89202E258B00F093D4 /* Assets.xcassets in Resources */ = {isa = PBXBuildFile; fileRef = 41A76F88202E258B00F093D4 /* Assets.xcassets */; };
		41A76F8C202E258B00F093D4 /* LaunchScreen.storyboard in Resources */ = {isa = PBXBuildFile; fileRef = 41A76F8A202E258B00F093D4 /* LaunchScreen.storyboard */; };
		41A76F97202E258B00F093D4 /* MagicScoreTests.swift in Sources */ = {isa = PBXBuildFile; fileRef = 41A76F96202E258B00F093D4 /* MagicScoreTests.swift */; };
		6098496DF9E0E49AFB0C1E6D /* Pods_MagicScore.framework in Frameworks */ = {isa = PBXBuildFile; fileRef = 12B01E1F3F027A7E8F3B8D06 /* Pods_MagicScore.framework */; };
		780F3229B98DA9B6A6C0B6E4 /* Pods_MagicScoreTests.framework in Frameworks */ = {isa = PBXBuildFile; fileRef = AD25E2BCC2C42F9005EE2F1E /* Pods_MagicScoreTests.framework */; };
/* End PBXBuildFile section */

/* Begin PBXContainerItemProxy section */
		41A76F93202E258B00F093D4 /* PBXContainerItemProxy */ = {
			isa = PBXContainerItemProxy;
			containerPortal = 41A76F73202E258B00F093D4 /* Project object */;
			proxyType = 1;
			remoteGlobalIDString = 41A76F7A202E258B00F093D4;
			remoteInfo = MagicScore;
		};
/* End PBXContainerItemProxy section */

/* Begin PBXFileReference section */
		12B01E1F3F027A7E8F3B8D06 /* Pods_MagicScore.framework */ = {isa = PBXFileReference; explicitFileType = wrapper.framework; includeInIndex = 0; path = Pods_MagicScore.framework; sourceTree = BUILT_PRODUCTS_DIR; };
		41074230202F983D007A4B25 /* Defines.swift */ = {isa = PBXFileReference; fileEncoding = 4; lastKnownFileType = sourcecode.swift; path = Defines.swift; sourceTree = "<group>"; };
		41074233202F9857007A4B25 /* RequestManageable.swift */ = {isa = PBXFileReference; fileEncoding = 4; lastKnownFileType = sourcecode.swift; path = RequestManageable.swift; sourceTree = "<group>"; };
		41074236202F986A007A4B25 /* RequestManager.swift */ = {isa = PBXFileReference; fileEncoding = 4; lastKnownFileType = sourcecode.swift; path = RequestManager.swift; sourceTree = "<group>"; };
		41A76F7B202E258B00F093D4 /* MagicScore.app */ = {isa = PBXFileReference; explicitFileType = wrapper.application; includeInIndex = 0; path = MagicScore.app; sourceTree = BUILT_PRODUCTS_DIR; };
		41A76F7E202E258B00F093D4 /* AppDelegate.swift */ = {isa = PBXFileReference; lastKnownFileType = sourcecode.swift; path = AppDelegate.swift; sourceTree = "<group>"; };
		41A76F80202E258B00F093D4 /* ViewController.swift */ = {isa = PBXFileReference; lastKnownFileType = sourcecode.swift; path = ViewController.swift; sourceTree = "<group>"; };
		41A76F83202E258B00F093D4 /* Base */ = {isa = PBXFileReference; lastKnownFileType = file.storyboard; name = Base; path = Base.lproj/Main.storyboard; sourceTree = "<group>"; };
		41A76F88202E258B00F093D4 /* Assets.xcassets */ = {isa = PBXFileReference; lastKnownFileType = folder.assetcatalog; path = Assets.xcassets; sourceTree = "<group>"; };
		41A76F8B202E258B00F093D4 /* Base */ = {isa = PBXFileReference; lastKnownFileType = file.storyboard; name = Base; path = Base.lproj/LaunchScreen.storyboard; sourceTree = "<group>"; };
		41A76F8D202E258B00F093D4 /* Info.plist */ = {isa = PBXFileReference; lastKnownFileType = text.plist.xml; path = Info.plist; sourceTree = "<group>"; };
		41A76F92202E258B00F093D4 /* MagicScoreTests.xctest */ = {isa = PBXFileReference; explicitFileType = wrapper.cfbundle; includeInIndex = 0; path = MagicScoreTests.xctest; sourceTree = BUILT_PRODUCTS_DIR; };
		41A76F96202E258B00F093D4 /* MagicScoreTests.swift */ = {isa = PBXFileReference; lastKnownFileType = sourcecode.swift; path = MagicScoreTests.swift; sourceTree = "<group>"; };
		41A76F98202E258B00F093D4 /* Info.plist */ = {isa = PBXFileReference; lastKnownFileType = text.plist.xml; path = Info.plist; sourceTree = "<group>"; };
		54CDA5478479CE22D6818E3A /* Pods-MagicScore.release.xcconfig */ = {isa = PBXFileReference; includeInIndex = 1; lastKnownFileType = text.xcconfig; name = "Pods-MagicScore.release.xcconfig"; path = "Pods/Target Support Files/Pods-MagicScore/Pods-MagicScore.release.xcconfig"; sourceTree = "<group>"; };
		7E38E2B0960312A38F3546B8 /* Pods-MagicScoreTests.debug.xcconfig */ = {isa = PBXFileReference; includeInIndex = 1; lastKnownFileType = text.xcconfig; name = "Pods-MagicScoreTests.debug.xcconfig"; path = "Pods/Target Support Files/Pods-MagicScoreTests/Pods-MagicScoreTests.debug.xcconfig"; sourceTree = "<group>"; };
		8F73D613FDAA127001EEA12B /* Pods-MagicScore.debug.xcconfig */ = {isa = PBXFileReference; includeInIndex = 1; lastKnownFileType = text.xcconfig; name = "Pods-MagicScore.debug.xcconfig"; path = "Pods/Target Support Files/Pods-MagicScore/Pods-MagicScore.debug.xcconfig"; sourceTree = "<group>"; };
		AD25E2BCC2C42F9005EE2F1E /* Pods_MagicScoreTests.framework */ = {isa = PBXFileReference; explicitFileType = wrapper.framework; includeInIndex = 0; path = Pods_MagicScoreTests.framework; sourceTree = BUILT_PRODUCTS_DIR; };
		B53CE0D46F1A4B0731D7DA70 /* Pods-MagicScoreTests.release.xcconfig */ = {isa = PBXFileReference; includeInIndex = 1; lastKnownFileType = text.xcconfig; name = "Pods-MagicScoreTests.release.xcconfig"; path = "Pods/Target Support Files/Pods-MagicScoreTests/Pods-MagicScoreTests.release.xcconfig"; sourceTree = "<group>"; };
/* End PBXFileReference section */

/* Begin PBXFrameworksBuildPhase section */
		41A76F78202E258B00F093D4 /* Frameworks */ = {
			isa = PBXFrameworksBuildPhase;
			buildActionMask = 2147483647;
			files = (
				6098496DF9E0E49AFB0C1E6D /* Pods_MagicScore.framework in Frameworks */,
			);
			runOnlyForDeploymentPostprocessing = 0;
		};
		41A76F8F202E258B00F093D4 /* Frameworks */ = {
			isa = PBXFrameworksBuildPhase;
			buildActionMask = 2147483647;
			files = (
				780F3229B98DA9B6A6C0B6E4 /* Pods_MagicScoreTests.framework in Frameworks */,
			);
			runOnlyForDeploymentPostprocessing = 0;
		};
/* End PBXFrameworksBuildPhase section */

/* Begin PBXGroup section */
		4107422E202F97FC007A4B25 /* Model */ = {
			isa = PBXGroup;
			children = (
			);
			path = Model;
			sourceTree = "<group>";
		};
		4107422F202F9812007A4B25 /* Objects */ = {
			isa = PBXGroup;
			children = (
				41074235202F9860007A4B25 /* Managers */,
			);
			path = Objects;
			sourceTree = "<group>";
		};
		41074232202F984C007A4B25 /* Protocols */ = {
			isa = PBXGroup;
			children = (
				41074233202F9857007A4B25 /* RequestManageable.swift */,
			);
			path = Protocols;
			sourceTree = "<group>";
		};
		41074235202F9860007A4B25 /* Managers */ = {
			isa = PBXGroup;
			children = (
				41074236202F986A007A4B25 /* RequestManager.swift */,
			);
			path = Managers;
			sourceTree = "<group>";
		};
		41A76F72202E258B00F093D4 = {
			isa = PBXGroup;
			children = (
				41A76F7D202E258B00F093D4 /* MagicScore */,
				41A76F95202E258B00F093D4 /* MagicScoreTests */,
				41A76F7C202E258B00F093D4 /* Products */,
				50664280364CD45FD31EC288 /* Pods */,
				C1BBDF1342E31CD2CB835A41 /* Frameworks */,
			);
			sourceTree = "<group>";
		};
		41A76F7C202E258B00F093D4 /* Products */ = {
			isa = PBXGroup;
			children = (
				41A76F7B202E258B00F093D4 /* MagicScore.app */,
				41A76F92202E258B00F093D4 /* MagicScoreTests.xctest */,
			);
			name = Products;
			sourceTree = "<group>";
		};
		41A76F7D202E258B00F093D4 /* MagicScore */ = {
			isa = PBXGroup;
			children = (
				41074232202F984C007A4B25 /* Protocols */,
				4107422F202F9812007A4B25 /* Objects */,
				4107422E202F97FC007A4B25 /* Model */,
				41A76F7E202E258B00F093D4 /* AppDelegate.swift */,
				41A76F80202E258B00F093D4 /* ViewController.swift */,
				41A76F82202E258B00F093D4 /* Main.storyboard */,
				41A76FA1202E278100F093D4 /* Resources */,
			);
			path = MagicScore;
			sourceTree = "<group>";
		};
		41A76F95202E258B00F093D4 /* MagicScoreTests */ = {
			isa = PBXGroup;
			children = (
				41A76F96202E258B00F093D4 /* MagicScoreTests.swift */,
				41A76F98202E258B00F093D4 /* Info.plist */,
			);
			path = MagicScoreTests;
			sourceTree = "<group>";
		};
		41A76FA1202E278100F093D4 /* Resources */ = {
			isa = PBXGroup;
			children = (
				41074230202F983D007A4B25 /* Defines.swift */,
				41A76F8D202E258B00F093D4 /* Info.plist */,
				41A76F8A202E258B00F093D4 /* LaunchScreen.storyboard */,
				41A76F88202E258B00F093D4 /* Assets.xcassets */,
			);
			path = Resources;
			sourceTree = "<group>";
		};
		50664280364CD45FD31EC288 /* Pods */ = {
			isa = PBXGroup;
			children = (
				8F73D613FDAA127001EEA12B /* Pods-MagicScore.debug.xcconfig */,
				54CDA5478479CE22D6818E3A /* Pods-MagicScore.release.xcconfig */,
				7E38E2B0960312A38F3546B8 /* Pods-MagicScoreTests.debug.xcconfig */,
				B53CE0D46F1A4B0731D7DA70 /* Pods-MagicScoreTests.release.xcconfig */,
			);
			name = Pods;
			sourceTree = "<group>";
		};
		C1BBDF1342E31CD2CB835A41 /* Frameworks */ = {
			isa = PBXGroup;
			children = (
				12B01E1F3F027A7E8F3B8D06 /* Pods_MagicScore.framework */,
				AD25E2BCC2C42F9005EE2F1E /* Pods_MagicScoreTests.framework */,
			);
			name = Frameworks;
			sourceTree = "<group>";
		};
/* End PBXGroup section */

/* Begin PBXNativeTarget section */
		41A76F7A202E258B00F093D4 /* MagicScore */ = {
			isa = PBXNativeTarget;
			buildConfigurationList = 41A76F9B202E258B00F093D4 /* Build configuration list for PBXNativeTarget "MagicScore" */;
			buildPhases = (
				677B33F305E0568D92846EF4 /* [CP] Check Pods Manifest.lock */,
				41A76F77202E258B00F093D4 /* Sources */,
				41A76F78202E258B00F093D4 /* Frameworks */,
				41A76F79202E258B00F093D4 /* Resources */,
				C8AE5AE9B22FB6FCA18ECF4E /* [CP] Embed Pods Frameworks */,
				D71C507C3284C8F372BE8E52 /* [CP] Copy Pods Resources */,
			);
			buildRules = (
			);
			dependencies = (
			);
			name = MagicScore;
			productName = MagicScore;
			productReference = 41A76F7B202E258B00F093D4 /* MagicScore.app */;
			productType = "com.apple.product-type.application";
		};
		41A76F91202E258B00F093D4 /* MagicScoreTests */ = {
			isa = PBXNativeTarget;
			buildConfigurationList = 41A76F9E202E258B00F093D4 /* Build configuration list for PBXNativeTarget "MagicScoreTests" */;
			buildPhases = (
				CCCC64A2C82B9A878579DD85 /* [CP] Check Pods Manifest.lock */,
				41A76F8E202E258B00F093D4 /* Sources */,
				41A76F8F202E258B00F093D4 /* Frameworks */,
				41A76F90202E258B00F093D4 /* Resources */,
				F47A4FB3AB370F2FA2C32D59 /* [CP] Embed Pods Frameworks */,
				5F8E3DBBC3293551419A76CB /* [CP] Copy Pods Resources */,
			);
			buildRules = (
			);
			dependencies = (
				41A76F94202E258B00F093D4 /* PBXTargetDependency */,
			);
			name = MagicScoreTests;
			productName = MagicScoreTests;
			productReference = 41A76F92202E258B00F093D4 /* MagicScoreTests.xctest */;
			productType = "com.apple.product-type.bundle.unit-test";
		};
/* End PBXNativeTarget section */

/* Begin PBXProject section */
		41A76F73202E258B00F093D4 /* Project object */ = {
			isa = PBXProject;
			attributes = {
				LastSwiftUpdateCheck = 0920;
				LastUpgradeCheck = 0920;
				ORGANIZATIONNAME = "Magic Dealers";
				TargetAttributes = {
					41A76F7A202E258B00F093D4 = {
						CreatedOnToolsVersion = 9.2;
						ProvisioningStyle = Automatic;
					};
					41A76F91202E258B00F093D4 = {
						CreatedOnToolsVersion = 9.2;
						ProvisioningStyle = Automatic;
						TestTargetID = 41A76F7A202E258B00F093D4;
					};
				};
			};
			buildConfigurationList = 41A76F76202E258B00F093D4 /* Build configuration list for PBXProject "MagicScore" */;
			compatibilityVersion = "Xcode 8.0";
			developmentRegion = en;
			hasScannedForEncodings = 0;
			knownRegions = (
				en,
				Base,
			);
			mainGroup = 41A76F72202E258B00F093D4;
			productRefGroup = 41A76F7C202E258B00F093D4 /* Products */;
			projectDirPath = "";
			projectRoot = "";
			targets = (
				41A76F7A202E258B00F093D4 /* MagicScore */,
				41A76F91202E258B00F093D4 /* MagicScoreTests */,
			);
		};
/* End PBXProject section */

/* Begin PBXResourcesBuildPhase section */
		41A76F79202E258B00F093D4 /* Resources */ = {
			isa = PBXResourcesBuildPhase;
			buildActionMask = 2147483647;
			files = (
				41A76F8C202E258B00F093D4 /* LaunchScreen.storyboard in Resources */,
				41A76F89202E258B00F093D4 /* Assets.xcassets in Resources */,
				41A76F84202E258B00F093D4 /* Main.storyboard in Resources */,
			);
			runOnlyForDeploymentPostprocessing = 0;
		};
		41A76F90202E258B00F093D4 /* Resources */ = {
			isa = PBXResourcesBuildPhase;
			buildActionMask = 2147483647;
			files = (
			);
			runOnlyForDeploymentPostprocessing = 0;
		};
/* End PBXResourcesBuildPhase section */

/* Begin PBXShellScriptBuildPhase section */
		5F8E3DBBC3293551419A76CB /* [CP] Copy Pods Resources */ = {
			isa = PBXShellScriptBuildPhase;
			buildActionMask = 2147483647;
			files = (
			);
			inputPaths = (
			);
			name = "[CP] Copy Pods Resources";
			outputPaths = (
			);
			runOnlyForDeploymentPostprocessing = 0;
			shellPath = /bin/sh;
			shellScript = "\"${SRCROOT}/Pods/Target Support Files/Pods-MagicScoreTests/Pods-MagicScoreTests-resources.sh\"\n";
			showEnvVarsInLog = 0;
		};
		677B33F305E0568D92846EF4 /* [CP] Check Pods Manifest.lock */ = {
			isa = PBXShellScriptBuildPhase;
			buildActionMask = 2147483647;
			files = (
			);
			inputPaths = (
			);
			name = "[CP] Check Pods Manifest.lock";
			outputPaths = (
			);
			runOnlyForDeploymentPostprocessing = 0;
			shellPath = /bin/sh;
			shellScript = "diff \"${PODS_PODFILE_DIR_PATH}/Podfile.lock\" \"${PODS_ROOT}/Manifest.lock\" > /dev/null\nif [ $? != 0 ] ; then\n    # print error to STDERR\n    echo \"error: The sandbox is not in sync with the Podfile.lock. Run 'pod install' or update your CocoaPods installation.\" >&2\n    exit 1\nfi\n";
			showEnvVarsInLog = 0;
		};
		C8AE5AE9B22FB6FCA18ECF4E /* [CP] Embed Pods Frameworks */ = {
			isa = PBXShellScriptBuildPhase;
			buildActionMask = 2147483647;
			files = (
			);
			inputPaths = (
			);
			name = "[CP] Embed Pods Frameworks";
			outputPaths = (
			);
			runOnlyForDeploymentPostprocessing = 0;
			shellPath = /bin/sh;
			shellScript = "\"${SRCROOT}/Pods/Target Support Files/Pods-MagicScore/Pods-MagicScore-frameworks.sh\"\n";
			showEnvVarsInLog = 0;
		};
		CCCC64A2C82B9A878579DD85 /* [CP] Check Pods Manifest.lock */ = {
			isa = PBXShellScriptBuildPhase;
			buildActionMask = 2147483647;
			files = (
			);
			inputPaths = (
			);
			name = "[CP] Check Pods Manifest.lock";
			outputPaths = (
			);
			runOnlyForDeploymentPostprocessing = 0;
			shellPath = /bin/sh;
			shellScript = "diff \"${PODS_PODFILE_DIR_PATH}/Podfile.lock\" \"${PODS_ROOT}/Manifest.lock\" > /dev/null\nif [ $? != 0 ] ; then\n    # print error to STDERR\n    echo \"error: The sandbox is not in sync with the Podfile.lock. Run 'pod install' or update your CocoaPods installation.\" >&2\n    exit 1\nfi\n";
			showEnvVarsInLog = 0;
		};
		D71C507C3284C8F372BE8E52 /* [CP] Copy Pods Resources */ = {
			isa = PBXShellScriptBuildPhase;
			buildActionMask = 2147483647;
			files = (
			);
			inputPaths = (
			);
			name = "[CP] Copy Pods Resources";
			outputPaths = (
			);
			runOnlyForDeploymentPostprocessing = 0;
			shellPath = /bin/sh;
			shellScript = "\"${SRCROOT}/Pods/Target Support Files/Pods-MagicScore/Pods-MagicScore-resources.sh\"\n";
			showEnvVarsInLog = 0;
		};
		F47A4FB3AB370F2FA2C32D59 /* [CP] Embed Pods Frameworks */ = {
			isa = PBXShellScriptBuildPhase;
			buildActionMask = 2147483647;
			files = (
			);
			inputPaths = (
			);
			name = "[CP] Embed Pods Frameworks";
			outputPaths = (
			);
			runOnlyForDeploymentPostprocessing = 0;
			shellPath = /bin/sh;
			shellScript = "\"${SRCROOT}/Pods/Target Support Files/Pods-MagicScoreTests/Pods-MagicScoreTests-frameworks.sh\"\n";
			showEnvVarsInLog = 0;
		};
/* End PBXShellScriptBuildPhase section */

/* Begin PBXSourcesBuildPhase section */
		41A76F77202E258B00F093D4 /* Sources */ = {
			isa = PBXSourcesBuildPhase;
			buildActionMask = 2147483647;
			files = (
				41074237202F986A007A4B25 /* RequestManager.swift in Sources */,
				41074234202F9857007A4B25 /* RequestManageable.swift in Sources */,
				41A76F81202E258B00F093D4 /* ViewController.swift in Sources */,
				41A76F7F202E258B00F093D4 /* AppDelegate.swift in Sources */,
				41074231202F983D007A4B25 /* Defines.swift in Sources */,
			);
			runOnlyForDeploymentPostprocessing = 0;
		};
		41A76F8E202E258B00F093D4 /* Sources */ = {
			isa = PBXSourcesBuildPhase;
			buildActionMask = 2147483647;
			files = (
				41A76F97202E258B00F093D4 /* MagicScoreTests.swift in Sources */,
			);
			runOnlyForDeploymentPostprocessing = 0;
		};
/* End PBXSourcesBuildPhase section */

/* Begin PBXTargetDependency section */
		41A76F94202E258B00F093D4 /* PBXTargetDependency */ = {
			isa = PBXTargetDependency;
			target = 41A76F7A202E258B00F093D4 /* MagicScore */;
			targetProxy = 41A76F93202E258B00F093D4 /* PBXContainerItemProxy */;
		};
/* End PBXTargetDependency section */

/* Begin PBXVariantGroup section */
		41A76F82202E258B00F093D4 /* Main.storyboard */ = {
			isa = PBXVariantGroup;
			children = (
				41A76F83202E258B00F093D4 /* Base */,
			);
			name = Main.storyboard;
			sourceTree = "<group>";
		};
		41A76F8A202E258B00F093D4 /* LaunchScreen.storyboard */ = {
			isa = PBXVariantGroup;
			children = (
				41A76F8B202E258B00F093D4 /* Base */,
			);
			name = LaunchScreen.storyboard;
			sourceTree = "<group>";
		};
/* End PBXVariantGroup section */

/* Begin XCBuildConfiguration section */
		41A76F99202E258B00F093D4 /* Debug */ = {
			isa = XCBuildConfiguration;
			buildSettings = {
				ALWAYS_SEARCH_USER_PATHS = NO;
				CLANG_ANALYZER_NONNULL = YES;
				CLANG_ANALYZER_NUMBER_OBJECT_CONVERSION = YES_AGGRESSIVE;
				CLANG_CXX_LANGUAGE_STANDARD = "gnu++14";
				CLANG_CXX_LIBRARY = "libc++";
				CLANG_ENABLE_MODULES = YES;
				CLANG_ENABLE_OBJC_ARC = YES;
				CLANG_WARN_BLOCK_CAPTURE_AUTORELEASING = YES;
				CLANG_WARN_BOOL_CONVERSION = YES;
				CLANG_WARN_COMMA = YES;
				CLANG_WARN_CONSTANT_CONVERSION = YES;
				CLANG_WARN_DIRECT_OBJC_ISA_USAGE = YES_ERROR;
				CLANG_WARN_DOCUMENTATION_COMMENTS = YES;
				CLANG_WARN_EMPTY_BODY = YES;
				CLANG_WARN_ENUM_CONVERSION = YES;
				CLANG_WARN_INFINITE_RECURSION = YES;
				CLANG_WARN_INT_CONVERSION = YES;
				CLANG_WARN_NON_LITERAL_NULL_CONVERSION = YES;
				CLANG_WARN_OBJC_LITERAL_CONVERSION = YES;
				CLANG_WARN_OBJC_ROOT_CLASS = YES_ERROR;
				CLANG_WARN_RANGE_LOOP_ANALYSIS = YES;
				CLANG_WARN_STRICT_PROTOTYPES = YES;
				CLANG_WARN_SUSPICIOUS_MOVE = YES;
				CLANG_WARN_UNGUARDED_AVAILABILITY = YES_AGGRESSIVE;
				CLANG_WARN_UNREACHABLE_CODE = YES;
				CLANG_WARN__DUPLICATE_METHOD_MATCH = YES;
				CODE_SIGN_IDENTITY = "iPhone Developer";
				COPY_PHASE_STRIP = NO;
				DEBUG_INFORMATION_FORMAT = dwarf;
				ENABLE_STRICT_OBJC_MSGSEND = YES;
				ENABLE_TESTABILITY = YES;
				GCC_C_LANGUAGE_STANDARD = gnu11;
				GCC_DYNAMIC_NO_PIC = NO;
				GCC_NO_COMMON_BLOCKS = YES;
				GCC_OPTIMIZATION_LEVEL = 0;
				GCC_PREPROCESSOR_DEFINITIONS = (
					"DEBUG=1",
					"$(inherited)",
				);
				GCC_WARN_64_TO_32_BIT_CONVERSION = YES;
				GCC_WARN_ABOUT_RETURN_TYPE = YES_ERROR;
				GCC_WARN_UNDECLARED_SELECTOR = YES;
				GCC_WARN_UNINITIALIZED_AUTOS = YES_AGGRESSIVE;
				GCC_WARN_UNUSED_FUNCTION = YES;
				GCC_WARN_UNUSED_VARIABLE = YES;
				IPHONEOS_DEPLOYMENT_TARGET = 11.2;
				MTL_ENABLE_DEBUG_INFO = YES;
				ONLY_ACTIVE_ARCH = YES;
				SDKROOT = iphoneos;
				SWIFT_ACTIVE_COMPILATION_CONDITIONS = DEBUG;
				SWIFT_OPTIMIZATION_LEVEL = "-Onone";
			};
			name = Debug;
		};
		41A76F9A202E258B00F093D4 /* Release */ = {
			isa = XCBuildConfiguration;
			buildSettings = {
				ALWAYS_SEARCH_USER_PATHS = NO;
				CLANG_ANALYZER_NONNULL = YES;
				CLANG_ANALYZER_NUMBER_OBJECT_CONVERSION = YES_AGGRESSIVE;
				CLANG_CXX_LANGUAGE_STANDARD = "gnu++14";
				CLANG_CXX_LIBRARY = "libc++";
				CLANG_ENABLE_MODULES = YES;
				CLANG_ENABLE_OBJC_ARC = YES;
				CLANG_WARN_BLOCK_CAPTURE_AUTORELEASING = YES;
				CLANG_WARN_BOOL_CONVERSION = YES;
				CLANG_WARN_COMMA = YES;
				CLANG_WARN_CONSTANT_CONVERSION = YES;
				CLANG_WARN_DIRECT_OBJC_ISA_USAGE = YES_ERROR;
				CLANG_WARN_DOCUMENTATION_COMMENTS = YES;
				CLANG_WARN_EMPTY_BODY = YES;
				CLANG_WARN_ENUM_CONVERSION = YES;
				CLANG_WARN_INFINITE_RECURSION = YES;
				CLANG_WARN_INT_CONVERSION = YES;
				CLANG_WARN_NON_LITERAL_NULL_CONVERSION = YES;
				CLANG_WARN_OBJC_LITERAL_CONVERSION = YES;
				CLANG_WARN_OBJC_ROOT_CLASS = YES_ERROR;
				CLANG_WARN_RANGE_LOOP_ANALYSIS = YES;
				CLANG_WARN_STRICT_PROTOTYPES = YES;
				CLANG_WARN_SUSPICIOUS_MOVE = YES;
				CLANG_WARN_UNGUARDED_AVAILABILITY = YES_AGGRESSIVE;
				CLANG_WARN_UNREACHABLE_CODE = YES;
				CLANG_WARN__DUPLICATE_METHOD_MATCH = YES;
				CODE_SIGN_IDENTITY = "iPhone Developer";
				COPY_PHASE_STRIP = NO;
				DEBUG_INFORMATION_FORMAT = "dwarf-with-dsym";
				ENABLE_NS_ASSERTIONS = NO;
				ENABLE_STRICT_OBJC_MSGSEND = YES;
				GCC_C_LANGUAGE_STANDARD = gnu11;
				GCC_NO_COMMON_BLOCKS = YES;
				GCC_WARN_64_TO_32_BIT_CONVERSION = YES;
				GCC_WARN_ABOUT_RETURN_TYPE = YES_ERROR;
				GCC_WARN_UNDECLARED_SELECTOR = YES;
				GCC_WARN_UNINITIALIZED_AUTOS = YES_AGGRESSIVE;
				GCC_WARN_UNUSED_FUNCTION = YES;
				GCC_WARN_UNUSED_VARIABLE = YES;
				IPHONEOS_DEPLOYMENT_TARGET = 11.2;
				MTL_ENABLE_DEBUG_INFO = NO;
				SDKROOT = iphoneos;
				SWIFT_OPTIMIZATION_LEVEL = "-Owholemodule";
				VALIDATE_PRODUCT = YES;
			};
			name = Release;
		};
		41A76F9C202E258B00F093D4 /* Debug */ = {
			isa = XCBuildConfiguration;
			baseConfigurationReference = 8F73D613FDAA127001EEA12B /* Pods-MagicScore.debug.xcconfig */;
			buildSettings = {
				ASSETCATALOG_COMPILER_APPICON_NAME = AppIcon;
				CODE_SIGN_STYLE = Automatic;
				INFOPLIST_FILE = MagicScore/Resources/Info.plist;
				LD_RUNPATH_SEARCH_PATHS = "$(inherited) @executable_path/Frameworks";
				PRODUCT_BUNDLE_IDENTIFIER = uk.co.magicdealers.MagicScore;
				PRODUCT_NAME = "$(TARGET_NAME)";
				SWIFT_VERSION = 4.0;
				TARGETED_DEVICE_FAMILY = "1,2";
			};
			name = Debug;
		};
		41A76F9D202E258B00F093D4 /* Release */ = {
			isa = XCBuildConfiguration;
			baseConfigurationReference = 54CDA5478479CE22D6818E3A /* Pods-MagicScore.release.xcconfig */;
			buildSettings = {
				ASSETCATALOG_COMPILER_APPICON_NAME = AppIcon;
				CODE_SIGN_STYLE = Automatic;
				INFOPLIST_FILE = MagicScore/Resources/Info.plist;
				LD_RUNPATH_SEARCH_PATHS = "$(inherited) @executable_path/Frameworks";
				PRODUCT_BUNDLE_IDENTIFIER = uk.co.magicdealers.MagicScore;
				PRODUCT_NAME = "$(TARGET_NAME)";
				SWIFT_VERSION = 4.0;
				TARGETED_DEVICE_FAMILY = "1,2";
			};
			name = Release;
		};
		41A76F9F202E258B00F093D4 /* Debug */ = {
			isa = XCBuildConfiguration;
			baseConfigurationReference = 7E38E2B0960312A38F3546B8 /* Pods-MagicScoreTests.debug.xcconfig */;
			buildSettings = {
				ALWAYS_EMBED_SWIFT_STANDARD_LIBRARIES = YES;
				BUNDLE_LOADER = "$(TEST_HOST)";
				CODE_SIGN_STYLE = Automatic;
				INFOPLIST_FILE = MagicScoreTests/Info.plist;
				LD_RUNPATH_SEARCH_PATHS = "$(inherited) @executable_path/Frameworks @loader_path/Frameworks";
				PRODUCT_BUNDLE_IDENTIFIER = uk.co.magicdealers.MagicScoreTests;
				PRODUCT_NAME = "$(TARGET_NAME)";
				SWIFT_VERSION = 4.0;
				TARGETED_DEVICE_FAMILY = "1,2";
				TEST_HOST = "$(BUILT_PRODUCTS_DIR)/MagicScore.app/MagicScore";
			};
			name = Debug;
		};
		41A76FA0202E258B00F093D4 /* Release */ = {
			isa = XCBuildConfiguration;
			baseConfigurationReference = B53CE0D46F1A4B0731D7DA70 /* Pods-MagicScoreTests.release.xcconfig */;
			buildSettings = {
				ALWAYS_EMBED_SWIFT_STANDARD_LIBRARIES = YES;
				BUNDLE_LOADER = "$(TEST_HOST)";
				CODE_SIGN_STYLE = Automatic;
				INFOPLIST_FILE = MagicScoreTests/Info.plist;
				LD_RUNPATH_SEARCH_PATHS = "$(inherited) @executable_path/Frameworks @loader_path/Frameworks";
				PRODUCT_BUNDLE_IDENTIFIER = uk.co.magicdealers.MagicScoreTests;
				PRODUCT_NAME = "$(TARGET_NAME)";
				SWIFT_VERSION = 4.0;
				TARGETED_DEVICE_FAMILY = "1,2";
				TEST_HOST = "$(BUILT_PRODUCTS_DIR)/MagicScore.app/MagicScore";
			};
			name = Release;
		};
/* End XCBuildConfiguration section */

/* Begin XCConfigurationList section */
		41A76F76202E258B00F093D4 /* Build configuration list for PBXProject "MagicScore" */ = {
			isa = XCConfigurationList;
			buildConfigurations = (
				41A76F99202E258B00F093D4 /* Debug */,
				41A76F9A202E258B00F093D4 /* Release */,
			);
			defaultConfigurationIsVisible = 0;
			defaultConfigurationName = Release;
		};
		41A76F9B202E258B00F093D4 /* Build configuration list for PBXNativeTarget "MagicScore" */ = {
			isa = XCConfigurationList;
			buildConfigurations = (
				41A76F9C202E258B00F093D4 /* Debug */,
				41A76F9D202E258B00F093D4 /* Release */,
			);
			defaultConfigurationIsVisible = 0;
			defaultConfigurationName = Release;
		};
		41A76F9E202E258B00F093D4 /* Build configuration list for PBXNativeTarget "MagicScoreTests" */ = {
			isa = XCConfigurationList;
			buildConfigurations = (
				41A76F9F202E258B00F093D4 /* Debug */,
				41A76FA0202E258B00F093D4 /* Release */,
			);
			defaultConfigurationIsVisible = 0;
			defaultConfigurationName = Release;
		};
/* End XCConfigurationList section */
	};
	rootObject = 41A76F73202E258B00F093D4 /* Project object */;
}
